
Microsoft Visual Studio Solution File, Format Version 12.00
# Visual Studio 15
VisualStudioVersion = 15.0.28010.2036
MinimumVisualStudioVersion = 10.0.40219.1
Project("{FAE04EC0-301F-11D3-BF4B-00C04F79EFBC}") = "testMatch3", "testMatch3\testMatch3.csproj", "{3156F61A-1869-4EC4-BAF5-F0270E4614D5}"
EndProject
Project("{FAE04EC0-301F-11D3-BF4B-00C04F79EFBC}") = "testMatch3DLL", "testMatch3DLL\testMatch3DLL.csproj", "{EA123FB5-3C9C-4FF7-8954-E316F15A29B6}"
EndProject
Global
	GlobalSection(SolutionConfigurationPlatforms) = preSolution
		Debug|Any CPU = Debug|Any CPU
		Debug|x86 = Debug|x86
		Release|Any CPU = Release|Any CPU
		Release|x86 = Release|x86
	EndGlobalSection
	GlobalSection(ProjectConfigurationPlatforms) = postSolution
		{3156F61A-1869-4EC4-BAF5-F0270E4614D5}.Debug|Any CPU.ActiveCfg = Debug|x86
		{3156F61A-1869-4EC4-BAF5-F0270E4614D5}.Debug|x86.ActiveCfg = Debug|x86
		{3156F61A-1869-4EC4-BAF5-F0270E4614D5}.Debug|x86.Build.0 = Debug|x86
		{3156F61A-1869-4EC4-BAF5-F0270E4614D5}.Release|Any CPU.ActiveCfg = Release|x86
		{3156F61A-1869-4EC4-BAF5-F0270E4614D5}.Release|x86.ActiveCfg = Release|x86
		{3156F61A-1869-4EC4-BAF5-F0270E4614D5}.Release|x86.Build.0 = Release|x86
		{EA123FB5-3C9C-4FF7-8954-E316F15A29B6}.Debug|Any CPU.ActiveCfg = Debug|Any CPU
		{EA123FB5-3C9C-4FF7-8954-E316F15A29B6}.Debug|Any CPU.Build.0 = Debug|Any CPU
		{EA123FB5-3C9C-4FF7-8954-E316F15A29B6}.Debug|x86.ActiveCfg = Debug|Any CPU
		{EA123FB5-3C9C-4FF7-8954-E316F15A29B6}.Debug|x86.Build.0 = Debug|Any CPU
		{EA123FB5-3C9C-4FF7-8954-E316F15A29B6}.Release|Any CPU.ActiveCfg = Release|Any CPU
		{EA123FB5-3C9C-4FF7-8954-E316F15A29B6}.Release|Any CPU.Build.0 = Release|Any CPU
		{EA123FB5-3C9C-4FF7-8954-E316F15A29B6}.Release|x86.ActiveCfg = Release|Any CPU
		{EA123FB5-3C9C-4FF7-8954-E316F15A29B6}.Release|x86.Build.0 = Release|Any CPU
	EndGlobalSection
	GlobalSection(SolutionProperties) = preSolution
		HideSolutionNode = FALSE
	EndGlobalSection
	GlobalSection(ExtensibilityGlobals) = postSolution
		SolutionGuid = {5628BE1D-6906-40A8-B063-15CC128C8F3D}
	EndGlobalSection
EndGlobal
